<Solution>
  <Folder Name="/src/">
    <Project Path="src/Nrs.Api/Nrs.Api.csproj" />
    <Project Path="src/Nrs.Application/Nrs.Application.csproj" />
    <Project Path="src/Nrs.Domain/Nrs.Domain.csproj" />
    <Project Path="src/Nrs.Infrastructure/Nrs.Infrastructure.csproj" />
  </Folder>
  <Folder Name="/tests/">
    <Project Path="tests/Nrs.Api.IntegrationTests/Nrs.Api.IntegrationTests.csproj" />
    <Project Path="tests/Nrs.Application.Tests/Nrs.Application.Tests.csproj" />
  </Folder>
</Solution>
